
Microsoft Visual Studio Solution File, Format Version 12.00
# Visual Studio Version 16
VisualStudioVersion = 16.0.32126.315
MinimumVisualStudioVersion = 10.0.40219.1
Project("{8BC9CEB8-8B4A-11D0-8D11-00A0C91BC942}") = "game_4_5", "game_4_5\game_4_5.vcxproj", "{A599F277-6D82-4FD0-B3B6-F963672EF6EC}"
EndProject
Global
	GlobalSection(SolutionConfigurationPlatforms) = preSolution
		Debug|x64 = Debug|x64
		Debug|x86 = Debug|x86
		Release|x64 = Release|x64
		Release|x86 = Release|x86
	EndGlobalSection
	GlobalSection(ProjectConfigurationPlatforms) = postSolution
		{A599F277-6D82-4FD0-B3B6-F963672EF6EC}.Debug|x64.ActiveCfg = Debug|x64
		{A599F277-6D82-4FD0-B3B6-F963672EF6EC}.Debug|x64.Build.0 = Debug|x64
		{A599F277-6D82-4FD0-B3B6-F963672EF6EC}.Debug|x86.ActiveCfg = Debug|Win32
		{A599F277-6D82-4FD0-B3B6-F963672EF6EC}.Debug|x86.Build.0 = Debug|Win32
		{A599F277-6D82-4FD0-B3B6-F963672EF6EC}.Release|x64.ActiveCfg = Release|x64
		{A599F277-6D82-4FD0-B3B6-F963672EF6EC}.Release|x64.Build.0 = Release|x64
		{A599F277-6D82-4FD0-B3B6-F963672EF6EC}.Release|x86.ActiveCfg = Release|Win32
		{A599F277-6D82-4FD0-B3B6-F963672EF6EC}.Release|x86.Build.0 = Release|Win32
	EndGlobalSection
	GlobalSection(SolutionProperties) = preSolution
		HideSolutionNode = FALSE
	EndGlobalSection
	GlobalSection(ExtensibilityGlobals) = postSolution
		SolutionGuid = {CEF18A03-DF3E-4FCC-9894-7B48A1A8C524}
	EndGlobalSection
EndGlobal
