
Microsoft Visual Studio Solution File, Format Version 12.00
# Visual Studio Version 16
VisualStudioVersion = 16.0.32126.315
MinimumVisualStudioVersion = 10.0.40219.1
Project("{8BC9CEB8-8B4A-11D0-8D11-00A0C91BC942}") = "test_3_32", "test_3_32\test_3_32.vcxproj", "{188E8C92-AE57-42D7-B0CC-46D85F335183}"
EndProject
Global
	GlobalSection(SolutionConfigurationPlatforms) = preSolution
		Debug|x64 = Debug|x64
		Debug|x86 = Debug|x86
		Release|x64 = Release|x64
		Release|x86 = Release|x86
	EndGlobalSection
	GlobalSection(ProjectConfigurationPlatforms) = postSolution
		{188E8C92-AE57-42D7-B0CC-46D85F335183}.Debug|x64.ActiveCfg = Debug|x64
		{188E8C92-AE57-42D7-B0CC-46D85F335183}.Debug|x64.Build.0 = Debug|x64
		{188E8C92-AE57-42D7-B0CC-46D85F335183}.Debug|x86.ActiveCfg = Debug|Win32
		{188E8C92-AE57-42D7-B0CC-46D85F335183}.Debug|x86.Build.0 = Debug|Win32
		{188E8C92-AE57-42D7-B0CC-46D85F335183}.Release|x64.ActiveCfg = Release|x64
		{188E8C92-AE57-42D7-B0CC-46D85F335183}.Release|x64.Build.0 = Release|x64
		{188E8C92-AE57-42D7-B0CC-46D85F335183}.Release|x86.ActiveCfg = Release|Win32
		{188E8C92-AE57-42D7-B0CC-46D85F335183}.Release|x86.Build.0 = Release|Win32
	EndGlobalSection
	GlobalSection(SolutionProperties) = preSolution
		HideSolutionNode = FALSE
	EndGlobalSection
	GlobalSection(ExtensibilityGlobals) = postSolution
		SolutionGuid = {FF0051B1-7A92-4E7B-A186-1824BFF6E66D}
	EndGlobalSection
EndGlobal
