
Microsoft Visual Studio Solution File, Format Version 12.00
# Visual Studio Version 16
VisualStudioVersion = 16.0.32126.315
MinimumVisualStudioVersion = 10.0.40219.1
Project("{8BC9CEB8-8B4A-11D0-8D11-00A0C91BC942}") = "test_3_23", "test_3_23\test_3_23.vcxproj", "{B755A5AD-405B-4D5C-A100-272DD024B4D1}"
EndProject
Global
	GlobalSection(SolutionConfigurationPlatforms) = preSolution
		Debug|x64 = Debug|x64
		Debug|x86 = Debug|x86
		Release|x64 = Release|x64
		Release|x86 = Release|x86
	EndGlobalSection
	GlobalSection(ProjectConfigurationPlatforms) = postSolution
		{B755A5AD-405B-4D5C-A100-272DD024B4D1}.Debug|x64.ActiveCfg = Debug|x64
		{B755A5AD-405B-4D5C-A100-272DD024B4D1}.Debug|x64.Build.0 = Debug|x64
		{B755A5AD-405B-4D5C-A100-272DD024B4D1}.Debug|x86.ActiveCfg = Debug|Win32
		{B755A5AD-405B-4D5C-A100-272DD024B4D1}.Debug|x86.Build.0 = Debug|Win32
		{B755A5AD-405B-4D5C-A100-272DD024B4D1}.Release|x64.ActiveCfg = Release|x64
		{B755A5AD-405B-4D5C-A100-272DD024B4D1}.Release|x64.Build.0 = Release|x64
		{B755A5AD-405B-4D5C-A100-272DD024B4D1}.Release|x86.ActiveCfg = Release|Win32
		{B755A5AD-405B-4D5C-A100-272DD024B4D1}.Release|x86.Build.0 = Release|Win32
	EndGlobalSection
	GlobalSection(SolutionProperties) = preSolution
		HideSolutionNode = FALSE
	EndGlobalSection
	GlobalSection(ExtensibilityGlobals) = postSolution
		SolutionGuid = {FD3DEB69-EF3A-47D4-AE66-78AB7EBD6B12}
	EndGlobalSection
EndGlobal
